
Microsoft Visual Studio Solution File, Format Version 11.00
# Visual Studio 2010
Project("{FAE04EC0-301F-11D3-BF4B-00C04F79EFBC}") = "boid_alg2", "Assembly-CSharp-firstpass.csproj", "{CF5D73A9-BD33-D28D-1B23-E8CEC3751AD4}"
EndProject
Project("{FAE04EC0-301F-11D3-BF4B-00C04F79EFBC}") = "boid_alg2", "Assembly-CSharp.csproj", "{53F7A6AA-7308-2D76-8171-5FC06AE02319}"
EndProject
Project("{FAE04EC0-301F-11D3-BF4B-00C04F79EFBC}") = "boid_alg2", "Assembly-CSharp-Editor-firstpass.csproj", "{899AB5C6-4B4B-2A18-F104-C539CECBDECC}"
EndProject
Global
	GlobalSection(SolutionConfigurationPlatforms) = preSolution
		Debug|Any CPU = Debug|Any CPU
		Release|Any CPU = Release|Any CPU
	EndGlobalSection
	GlobalSection(ProjectConfigurationPlatforms) = postSolution
		{CF5D73A9-BD33-D28D-1B23-E8CEC3751AD4}.Debug|Any CPU.ActiveCfg = Debug|Any CPU
		{CF5D73A9-BD33-D28D-1B23-E8CEC3751AD4}.Debug|Any CPU.Build.0 = Debug|Any CPU
		{CF5D73A9-BD33-D28D-1B23-E8CEC3751AD4}.Release|Any CPU.ActiveCfg = Release|Any CPU
		{CF5D73A9-BD33-D28D-1B23-E8CEC3751AD4}.Release|Any CPU.Build.0 = Release|Any CPU
		{53F7A6AA-7308-2D76-8171-5FC06AE02319}.Debug|Any CPU.ActiveCfg = Debug|Any CPU
		{53F7A6AA-7308-2D76-8171-5FC06AE02319}.Debug|Any CPU.Build.0 = Debug|Any CPU
		{53F7A6AA-7308-2D76-8171-5FC06AE02319}.Release|Any CPU.ActiveCfg = Release|Any CPU
		{53F7A6AA-7308-2D76-8171-5FC06AE02319}.Release|Any CPU.Build.0 = Release|Any CPU
		{899AB5C6-4B4B-2A18-F104-C539CECBDECC}.Debug|Any CPU.ActiveCfg = Debug|Any CPU
		{899AB5C6-4B4B-2A18-F104-C539CECBDECC}.Debug|Any CPU.Build.0 = Debug|Any CPU
		{899AB5C6-4B4B-2A18-F104-C539CECBDECC}.Release|Any CPU.ActiveCfg = Release|Any CPU
		{899AB5C6-4B4B-2A18-F104-C539CECBDECC}.Release|Any CPU.Build.0 = Release|Any CPU
	EndGlobalSection
	GlobalSection(SolutionProperties) = preSolution
		HideSolutionNode = FALSE
	EndGlobalSection
	GlobalSection(MonoDevelopProperties) = preSolution
		StartupItem = Assembly-CSharp.csproj
	EndGlobalSection
EndGlobal
